
Microsoft Visual Studio Solution File, Format Version 12.00
# Visual Studio Version 16
VisualStudioVersion = 16.0.30621.155
MinimumVisualStudioVersion = 10.0.40219.1
Project("{FAE04EC0-301F-11D3-BF4B-00C04F79EFBC}") = "Moldovan_Andrea_Lab8", "Moldovan_Andrea_Lab8.csproj", "{BE1091C3-21C7-43BE-A17D-D78FD8FBC66C}"
EndProject
Global
	GlobalSection(SolutionConfigurationPlatforms) = preSolution
		Debug|Any CPU = Debug|Any CPU
		Release|Any CPU = Release|Any CPU
	EndGlobalSection
	GlobalSection(ProjectConfigurationPlatforms) = postSolution
		{BE1091C3-21C7-43BE-A17D-D78FD8FBC66C}.Debug|Any CPU.ActiveCfg = Debug|Any CPU
		{BE1091C3-21C7-43BE-A17D-D78FD8FBC66C}.Debug|Any CPU.Build.0 = Debug|Any CPU
		{BE1091C3-21C7-43BE-A17D-D78FD8FBC66C}.Release|Any CPU.ActiveCfg = Release|Any CPU
		{BE1091C3-21C7-43BE-A17D-D78FD8FBC66C}.Release|Any CPU.Build.0 = Release|Any CPU
	EndGlobalSection
	GlobalSection(SolutionProperties) = preSolution
		HideSolutionNode = FALSE
	EndGlobalSection
	GlobalSection(ExtensibilityGlobals) = postSolution
		SolutionGuid = {E4B4650B-C9DF-4441-A41C-38514872033B}
	EndGlobalSection
EndGlobal
